
Microsoft Visual Studio Solution File, Format Version 12.00
# Visual Studio Version 16
VisualStudioVersion = 16.0.29926.136
MinimumVisualStudioVersion = 10.0.40219.1
Project("{FAE04EC0-301F-11D3-BF4B-00C04F79EFBC}") = "PartidoFutbol", "PartidoFutbol.csproj", "{C60B3AAD-65CA-49C5-8288-5EB2B6BC6104}"
EndProject
Project("{FAE04EC0-301F-11D3-BF4B-00C04F79EFBC}") = "Logica", "..\Logica\Logica.csproj", "{7E336F6A-AC4A-438F-97EF-039BC1F5F74B}"
EndProject
Global
	GlobalSection(SolutionConfigurationPlatforms) = preSolution
		Debug|Any CPU = Debug|Any CPU
		Release|Any CPU = Release|Any CPU
	EndGlobalSection
	GlobalSection(ProjectConfigurationPlatforms) = postSolution
		{C60B3AAD-65CA-49C5-8288-5EB2B6BC6104}.Debug|Any CPU.ActiveCfg = Debug|Any CPU
		{C60B3AAD-65CA-49C5-8288-5EB2B6BC6104}.Debug|Any CPU.Build.0 = Debug|Any CPU
		{C60B3AAD-65CA-49C5-8288-5EB2B6BC6104}.Release|Any CPU.ActiveCfg = Release|Any CPU
		{C60B3AAD-65CA-49C5-8288-5EB2B6BC6104}.Release|Any CPU.Build.0 = Release|Any CPU
		{7E336F6A-AC4A-438F-97EF-039BC1F5F74B}.Debug|Any CPU.ActiveCfg = Debug|Any CPU
		{7E336F6A-AC4A-438F-97EF-039BC1F5F74B}.Debug|Any CPU.Build.0 = Debug|Any CPU
		{7E336F6A-AC4A-438F-97EF-039BC1F5F74B}.Release|Any CPU.ActiveCfg = Release|Any CPU
		{7E336F6A-AC4A-438F-97EF-039BC1F5F74B}.Release|Any CPU.Build.0 = Release|Any CPU
	EndGlobalSection
	GlobalSection(SolutionProperties) = preSolution
		HideSolutionNode = FALSE
	EndGlobalSection
	GlobalSection(ExtensibilityGlobals) = postSolution
		SolutionGuid = {C7F17418-C15B-42F6-9CCE-1CCA5B71D68B}
	EndGlobalSection
EndGlobal
